# THIS IS AN AUTOGENERATED FILE. DO NOT EDIT THIS FILE DIRECTLY.
# yarn lockfile v1


echarts@^4.2.0-rc.1:
  version "4.2.0-rc.1"
  resolved "https://registry.yarnpkg.com/echarts/-/echarts-4.2.0-rc.1.tgz#c76bc392e9d34f914480f8299305f66fa0b79cb7"
  dependencies:
    zrender "4.0.5"

mpvue-echarts@^0.2.7:
  version "0.2.7"
  resolved "https://registry.yarnpkg.com/mpvue-echarts/-/mpvue-echarts-0.2.7.tgz#04ba362369fd8341fe8d3ff44abb83bc789b6c20"

zrender@4.0.5:
  version "4.0.5"
  resolved "https://registry.yarnpkg.com/zrender/-/zrender-4.0.5.tgz#6e8f738971ce2cd624aac82b2156729b1c0e5a82"
